
Microsoft Visual Studio Solution File, Format Version 12.00
# Visual Studio Version 17
VisualStudioVersion = 17.1.32228.430
MinimumVisualStudioVersion = 10.0.40219.1
Project("{FAE04EC0-301F-11D3-BF4B-00C04F79EFBC}") = "ConsoleApp_lab3", "ConsoleApp_lab3\ConsoleApp_lab3.csproj", "{202E2071-9A0A-4D0D-BCFD-CE105E30B8A6}"
EndProject
Global
	GlobalSection(SolutionConfigurationPlatforms) = preSolution
		Debug|Any CPU = Debug|Any CPU
		Release|Any CPU = Release|Any CPU
	EndGlobalSection
	GlobalSection(ProjectConfigurationPlatforms) = postSolution
		{202E2071-9A0A-4D0D-BCFD-CE105E30B8A6}.Debug|Any CPU.ActiveCfg = Debug|Any CPU
		{202E2071-9A0A-4D0D-BCFD-CE105E30B8A6}.Debug|Any CPU.Build.0 = Debug|Any CPU
		{202E2071-9A0A-4D0D-BCFD-CE105E30B8A6}.Release|Any CPU.ActiveCfg = Release|Any CPU
		{202E2071-9A0A-4D0D-BCFD-CE105E30B8A6}.Release|Any CPU.Build.0 = Release|Any CPU
	EndGlobalSection
	GlobalSection(SolutionProperties) = preSolution
		HideSolutionNode = FALSE
	EndGlobalSection
	GlobalSection(ExtensibilityGlobals) = postSolution
		SolutionGuid = {B51CA882-3C9C-465A-9685-ADDD99A0E507}
	EndGlobalSection
EndGlobal
